PODS:
  - Reveal-SDK (4)
  - WTCoreText (0.1.0)

DEPENDENCIES:
  - Reveal-SDK (~> 4)
  - WTCoreText (from `../`)

EXTERNAL SOURCES:
  WTCoreText:
    :path: ../

SPEC CHECKSUMS:
  Reveal-SDK: 178c927f1a3230648d3a92b96f6e730a35b2750a
  WTCoreText: 18aa711372e6dd9c1ee0c8197dd6009655b07a3d

PODFILE CHECKSUM: 245cba0284fac07eacbcba9c0ae3d2a3e3434925

COCOAPODS: 1.3.0.beta.2
